// !$*UTF8*$!
{
	archiveVersion = 1;
	classes = {
	};
	objectVersion = 46;
	objects = {

/* Begin PBXBuildFile section */
		281B2A231AB7786000EB11FA /* ParseUI.framework in Frameworks */ = {isa = PBXBuildFile; fileRef = 281B2A221AB7786000EB11FA /* ParseUI.framework */; };
		281C480C1AC32EA5008D2044 /* Locksmith.swift in Sources */ = {isa = PBXBuildFile; fileRef = 281C480A1AC32EA5008D2044 /* Locksmith.swift */; };
		281C480D1AC32EA5008D2044 /* LocksmithRequest.swift in Sources */ = {isa = PBXBuildFile; fileRef = 281C480B1AC32EA5008D2044 /* LocksmithRequest.swift */; };
		281C480F1AC32F64008D2044 /* loginViewController.swift in Sources */ = {isa = PBXBuildFile; fileRef = 281C480E1AC32F64008D2044 /* loginViewController.swift */; };
		28CBAEA31ABA3D7E0082CA39 /* DetailViewController.swift in Sources */ = {isa = PBXBuildFile; fileRef = 28CBAEA21ABA3D7E0082CA39 /* DetailViewController.swift */; };
		28CBAEA51AC1C5510082CA39 /* vwLogCell.xib in Resources */ = {isa = PBXBuildFile; fileRef = 28CBAEA41AC1C5510082CA39 /* vwLogCell.xib */; };
		28CBAEA91AC1C7620082CA39 /* TblCell.swift in Sources */ = {isa = PBXBuildFile; fileRef = 28CBAEA81AC1C7620082CA39 /* TblCell.swift */; };
		28CBAEAB1AC1E9F80082CA39 /* UIImage+Cropping.swift in Sources */ = {isa = PBXBuildFile; fileRef = 28CBAEAA1AC1E9F80082CA39 /* UIImage+Cropping.swift */; };
		28F043F31AB35E99002C432B /* AppDelegate.swift in Sources */ = {isa = PBXBuildFile; fileRef = 28F043F21AB35E99002C432B /* AppDelegate.swift */; };
		28F043F51AB35E99002C432B /* ViewController.swift in Sources */ = {isa = PBXBuildFile; fileRef = 28F043F41AB35E99002C432B /* ViewController.swift */; };
		28F043F81AB35E99002C432B /* Main.storyboard in Resources */ = {isa = PBXBuildFile; fileRef = 28F043F61AB35E99002C432B /* Main.storyboard */; };
		28F043FA1AB35E99002C432B /* Images.xcassets in Resources */ = {isa = PBXBuildFile; fileRef = 28F043F91AB35E99002C432B /* Images.xcassets */; };
		28F043FD1AB35E99002C432B /* LaunchScreen.xib in Resources */ = {isa = PBXBuildFile; fileRef = 28F043FB1AB35E99002C432B /* LaunchScreen.xib */; };
		28F044091AB35E99002C432B /* myLogsTests.swift in Sources */ = {isa = PBXBuildFile; fileRef = 28F044081AB35E99002C432B /* myLogsTests.swift */; };
		28F044141AB35F32002C432B /* Bolts.framework in Frameworks */ = {isa = PBXBuildFile; fileRef = 28F044121AB35F32002C432B /* Bolts.framework */; };
		28F044151AB35F32002C432B /* Parse.framework in Frameworks */ = {isa = PBXBuildFile; fileRef = 28F044131AB35F32002C432B /* Parse.framework */; };
		28F044171AB35F85002C432B /* AudioToolbox.framework in Frameworks */ = {isa = PBXBuildFile; fileRef = 28F044161AB35F85002C432B /* AudioToolbox.framework */; };
		28F044201AB35FC5002C432B /* CFNetwork.framework in Frameworks */ = {isa = PBXBuildFile; fileRef = 28F044181AB35FC5002C432B /* CFNetwork.framework */; };
		28F044211AB35FC5002C432B /* CoreGraphics.framework in Frameworks */ = {isa = PBXBuildFile; fileRef = 28F044191AB35FC5002C432B /* CoreGraphics.framework */; };
		28F044221AB35FC5002C432B /* CoreLocation.framework in Frameworks */ = {isa = PBXBuildFile; fileRef = 28F0441A1AB35FC5002C432B /* CoreLocation.framework */; };
		28F044231AB35FC5002C432B /* MobileCoreServices.framework in Frameworks */ = {isa = PBXBuildFile; fileRef = 28F0441B1AB35FC5002C432B /* MobileCoreServices.framework */; };
		28F044241AB35FC5002C432B /* QuartzCore.framework in Frameworks */ = {isa = PBXBuildFile; fileRef = 28F0441C1AB35FC5002C432B /* QuartzCore.framework */; };
		28F044251AB35FC5002C432B /* Security.framework in Frameworks */ = {isa = PBXBuildFile; fileRef = 28F0441D1AB35FC5002C432B /* Security.framework */; };
		28F044261AB35FC5002C432B /* StoreKit.framework in Frameworks */ = {isa = PBXBuildFile; fileRef = 28F0441E1AB35FC5002C432B /* StoreKit.framework */; };
		28F044271AB35FC5002C432B /* SystemConfiguration.framework in Frameworks */ = {isa = PBXBuildFile; fileRef = 28F0441F1AB35FC5002C432B /* SystemConfiguration.framework */; };
		28F0442A1AB35FF8002C432B /* libsqlite3.dylib in Frameworks */ = {isa = PBXBuildFile; fileRef = 28F044281AB35FF8002C432B /* libsqlite3.dylib */; };
		28F0442B1AB35FF8002C432B /* libz.dylib in Frameworks */ = {isa = PBXBuildFile; fileRef = 28F044291AB35FF8002C432B /* libz.dylib */; };
		28F0442E1AB368EC002C432B /* Parse.m in Sources */ = {isa = PBXBuildFile; fileRef = 28F0442D1AB368EC002C432B /* Parse.m */; };
		28F044321AB3935A002C432B /* TableViewController.swift in Sources */ = {isa = PBXBuildFile; fileRef = 28F044311AB3935A002C432B /* TableViewController.swift */; };
		28F696631AC377AC0094FDC4 /* FBSDKCoreKit.framework in Frameworks */ = {isa = PBXBuildFile; fileRef = 28F696601AC377AC0094FDC4 /* FBSDKCoreKit.framework */; };
		28F696641AC377AC0094FDC4 /* FBSDKLoginKit.framework in Frameworks */ = {isa = PBXBuildFile; fileRef = 28F696611AC377AC0094FDC4 /* FBSDKLoginKit.framework */; };
		28F696651AC377AC0094FDC4 /* FBSDKShareKit.framework in Frameworks */ = {isa = PBXBuildFile; fileRef = 28F696621AC377AC0094FDC4 /* FBSDKShareKit.framework */; };
/* End PBXBuildFile section */

/* Begin PBXContainerItemProxy section */
		28F044031AB35E99002C432B /* PBXContainerItemProxy */ = {
			isa = PBXContainerItemProxy;
			containerPortal = 28F043E51AB35E99002C432B /* Project object */;
			proxyType = 1;
			remoteGlobalIDString = 28F043EC1AB35E99002C432B;
			remoteInfo = myLogs;
		};
/* End PBXContainerItemProxy section */

/* Begin PBXFileReference section */
		281B2A221AB7786000EB11FA /* ParseUI.framework */ = {isa = PBXFileReference; lastKnownFileType = wrapper.framework; path = ParseUI.framework; sourceTree = "<group>"; };
		281C480A1AC32EA5008D2044 /* Locksmith.swift */ = {isa = PBXFileReference; fileEncoding = 4; lastKnownFileType = sourcecode.swift; path = Locksmith.swift; sourceTree = "<group>"; };
		281C480B1AC32EA5008D2044 /* LocksmithRequest.swift */ = {isa = PBXFileReference; fileEncoding = 4; lastKnownFileType = sourcecode.swift; path = LocksmithRequest.swift; sourceTree = "<group>"; };
		281C480E1AC32F64008D2044 /* loginViewController.swift */ = {isa = PBXFileReference; fileEncoding = 4; lastKnownFileType = sourcecode.swift; path = loginViewController.swift; sourceTree = "<group>"; };
		28B823151AC378A800E14E4A /* Bridge-Header.h */ = {isa = PBXFileReference; lastKnownFileType = sourcecode.c.h; path = "Bridge-Header.h"; sourceTree = "<group>"; };
		28CBAEA21ABA3D7E0082CA39 /* DetailViewController.swift */ = {isa = PBXFileReference; fileEncoding = 4; lastKnownFileType = sourcecode.swift; path = DetailViewController.swift; sourceTree = "<group>"; };
		28CBAEA41AC1C5510082CA39 /* vwLogCell.xib */ = {isa = PBXFileReference; fileEncoding = 4; lastKnownFileType = file.xib; path = vwLogCell.xib; sourceTree = "<group>"; };
		28CBAEA81AC1C7620082CA39 /* TblCell.swift */ = {isa = PBXFileReference; fileEncoding = 4; lastKnownFileType = sourcecode.swift; name = TblCell.swift; path = ../TblCell.swift; sourceTree = "<group>"; };
		28CBAEAA1AC1E9F80082CA39 /* UIImage+Cropping.swift */ = {isa = PBXFileReference; fileEncoding = 4; lastKnownFileType = sourcecode.swift; path = "UIImage+Cropping.swift"; sourceTree = "<group>"; };
		28F043ED1AB35E99002C432B /* myLogs.app */ = {isa = PBXFileReference; explicitFileType = wrapper.application; includeInIndex = 0; path = myLogs.app; sourceTree = BUILT_PRODUCTS_DIR; };
		28F043F11AB35E99002C432B /* Info.plist */ = {isa = PBXFileReference; lastKnownFileType = text.plist.xml; path = Info.plist; sourceTree = "<group>"; };
		28F043F21AB35E99002C432B /* AppDelegate.swift */ = {isa = PBXFileReference; lastKnownFileType = sourcecode.swift; path = AppDelegate.swift; sourceTree = "<group>"; };
		28F043F41AB35E99002C432B /* ViewController.swift */ = {isa = PBXFileReference; lastKnownFileType = sourcecode.swift; path = ViewController.swift; sourceTree = "<group>"; };
		28F043F71AB35E99002C432B /* Base */ = {isa = PBXFileReference; lastKnownFileType = file.storyboard; name = Base; path = Base.lproj/Main.storyboard; sourceTree = "<group>"; };
		28F043F91AB35E99002C432B /* Images.xcassets */ = {isa = PBXFileReference; lastKnownFileType = folder.assetcatalog; path = Images.xcassets; sourceTree = "<group>"; };
		28F043FC1AB35E99002C432B /* Base */ = {isa = PBXFileReference; lastKnownFileType = file.xib; name = Base; path = Base.lproj/LaunchScreen.xib; sourceTree = "<group>"; };
		28F044021AB35E99002C432B /* myLogsTests.xctest */ = {isa = PBXFileReference; explicitFileType = wrapper.cfbundle; includeInIndex = 0; path = myLogsTests.xctest; sourceTree = BUILT_PRODUCTS_DIR; };
		28F044071AB35E99002C432B /* Info.plist */ = {isa = PBXFileReference; lastKnownFileType = text.plist.xml; path = Info.plist; sourceTree = "<group>"; };
		28F044081AB35E99002C432B /* myLogsTests.swift */ = {isa = PBXFileReference; lastKnownFileType = sourcecode.swift; path = myLogsTests.swift; sourceTree = "<group>"; };
		28F044121AB35F32002C432B /* Bolts.framework */ = {isa = PBXFileReference; lastKnownFileType = wrapper.framework; path = Bolts.framework; sourceTree = "<group>"; };
		28F044131AB35F32002C432B /* Parse.framework */ = {isa = PBXFileReference; lastKnownFileType = wrapper.framework; path = Parse.framework; sourceTree = "<group>"; };
		28F044161AB35F85002C432B /* AudioToolbox.framework */ = {isa = PBXFileReference; lastKnownFileType = wrapper.framework; name = AudioToolbox.framework; path = System/Library/Frameworks/AudioToolbox.framework; sourceTree = SDKROOT; };
		28F044181AB35FC5002C432B /* CFNetwork.framework */ = {isa = PBXFileReference; lastKnownFileType = wrapper.framework; name = CFNetwork.framework; path = System/Library/Frameworks/CFNetwork.framework; sourceTree = SDKROOT; };
		28F044191AB35FC5002C432B /* CoreGraphics.framework */ = {isa = PBXFileReference; lastKnownFileType = wrapper.framework; name = CoreGraphics.framework; path = System/Library/Frameworks/CoreGraphics.framework; sourceTree = SDKROOT; };
		28F0441A1AB35FC5002C432B /* CoreLocation.framework */ = {isa = PBXFileReference; lastKnownFileType = wrapper.framework; name = CoreLocation.framework; path = System/Library/Frameworks/CoreLocation.framework; sourceTree = SDKROOT; };
		28F0441B1AB35FC5002C432B /* MobileCoreServices.framework */ = {isa = PBXFileReference; lastKnownFileType = wrapper.framework; name = MobileCoreServices.framework; path = System/Library/Frameworks/MobileCoreServices.framework; sourceTree = SDKROOT; };
		28F0441C1AB35FC5002C432B /* QuartzCore.framework */ = {isa = PBXFileReference; lastKnownFileType = wrapper.framework; name = QuartzCore.framework; path = System/Library/Frameworks/QuartzCore.framework; sourceTree = SDKROOT; };
		28F0441D1AB35FC5002C432B /* Security.framework */ = {isa = PBXFileReference; lastKnownFileType = wrapper.framework; name = Security.framework; path = System/Library/Frameworks/Security.framework; sourceTree = SDKROOT; };
		28F0441E1AB35FC5002C432B /* StoreKit.framework */ = {isa = PBXFileReference; lastKnownFileType = wrapper.framework; name = StoreKit.framework; path = System/Library/Frameworks/StoreKit.framework; sourceTree = SDKROOT; };
		28F0441F1AB35FC5002C432B /* SystemConfiguration.framework */ = {isa = PBXFileReference; lastKnownFileType = wrapper.framework; name = SystemConfiguration.framework; path = System/Library/Frameworks/SystemConfiguration.framework; sourceTree = SDKROOT; };
		28F044281AB35FF8002C432B /* libsqlite3.dylib */ = {isa = PBXFileReference; lastKnownFileType = "compiled.mach-o.dylib"; name = libsqlite3.dylib; path = usr/lib/libsqlite3.dylib; sourceTree = SDKROOT; };
		28F044291AB35FF8002C432B /* libz.dylib */ = {isa = PBXFileReference; lastKnownFileType = "compiled.mach-o.dylib"; name = libz.dylib; path = usr/lib/libz.dylib; sourceTree = SDKROOT; };
		28F0442C1AB368EB002C432B /* myLogs-Bridging-Header.h */ = {isa = PBXFileReference; lastKnownFileType = sourcecode.c.h; path = "myLogs-Bridging-Header.h"; sourceTree = "<group>"; };
		28F0442D1AB368EC002C432B /* Parse.m */ = {isa = PBXFileReference; fileEncoding = 4; lastKnownFileType = sourcecode.c.objc; path = Parse.m; sourceTree = "<group>"; };
		28F044311AB3935A002C432B /* TableViewController.swift */ = {isa = PBXFileReference; fileEncoding = 4; lastKnownFileType = sourcecode.swift; name = TableViewController.swift; path = ../TableViewController.swift; sourceTree = "<group>"; };
		28F696601AC377AC0094FDC4 /* FBSDKCoreKit.framework */ = {isa = PBXFileReference; lastKnownFileType = wrapper.framework; name = FBSDKCoreKit.framework; path = ../../../Documents/FacebookSDK/FBSDKCoreKit.framework; sourceTree = "<group>"; };
		28F696611AC377AC0094FDC4 /* FBSDKLoginKit.framework */ = {isa = PBXFileReference; lastKnownFileType = wrapper.framework; name = FBSDKLoginKit.framework; path = ../../../Documents/FacebookSDK/FBSDKLoginKit.framework; sourceTree = "<group>"; };
		28F696621AC377AC0094FDC4 /* FBSDKShareKit.framework */ = {isa = PBXFileReference; lastKnownFileType = wrapper.framework; name = FBSDKShareKit.framework; path = ../../../Documents/FacebookSDK/FBSDKShareKit.framework; sourceTree = "<group>"; };
/* End PBXFileReference section */

/* Begin PBXFrameworksBuildPhase section */
		28F043EA1AB35E99002C432B /* Frameworks */ = {
			isa = PBXFrameworksBuildPhase;
			buildActionMask = 2147483647;
			files = (
				28F0442A1AB35FF8002C432B /* libsqlite3.dylib in Frameworks */,
				28F0442B1AB35FF8002C432B /* libz.dylib in Frameworks */,
				28F696651AC377AC0094FDC4 /* FBSDKShareKit.framework in Frameworks */,
				281B2A231AB7786000EB11FA /* ParseUI.framework in Frameworks */,
				28F044201AB35FC5002C432B /* CFNetwork.framework in Frameworks */,
				28F044211AB35FC5002C432B /* CoreGraphics.framework in Frameworks */,
				28F044221AB35FC5002C432B /* CoreLocation.framework in Frameworks */,
				28F044231AB35FC5002C432B /* MobileCoreServices.framework in Frameworks */,
				28F044241AB35FC5002C432B /* QuartzCore.framework in Frameworks */,
				28F044251AB35FC5002C432B /* Security.framework in Frameworks */,
				28F044261AB35FC5002C432B /* StoreKit.framework in Frameworks */,
				28F696631AC377AC0094FDC4 /* FBSDKCoreKit.framework in Frameworks */,
				28F044271AB35FC5002C432B /* SystemConfiguration.framework in Frameworks */,
				28F044171AB35F85002C432B /* AudioToolbox.framework in Frameworks */,
				28F044151AB35F32002C432B /* Parse.framework in Frameworks */,
				28F696641AC377AC0094FDC4 /* FBSDKLoginKit.framework in Frameworks */,
				28F044141AB35F32002C432B /* Bolts.framework in Frameworks */,
			);
			runOnlyForDeploymentPostprocessing = 0;
		};
		28F043FF1AB35E99002C432B /* Frameworks */ = {
			isa = PBXFrameworksBuildPhase;
			buildActionMask = 2147483647;
			files = (
			);
			runOnlyForDeploymentPostprocessing = 0;
		};
/* End PBXFrameworksBuildPhase section */

/* Begin PBXGroup section */
		28F043E41AB35E99002C432B = {
			isa = PBXGroup;
			children = (
				28F696601AC377AC0094FDC4 /* FBSDKCoreKit.framework */,
				28F696611AC377AC0094FDC4 /* FBSDKLoginKit.framework */,
				28F696621AC377AC0094FDC4 /* FBSDKShareKit.framework */,
				281B2A221AB7786000EB11FA /* ParseUI.framework */,
				28F044281AB35FF8002C432B /* libsqlite3.dylib */,
				28F044291AB35FF8002C432B /* libz.dylib */,
				28F044181AB35FC5002C432B /* CFNetwork.framework */,
				28F044191AB35FC5002C432B /* CoreGraphics.framework */,
				28F0441A1AB35FC5002C432B /* CoreLocation.framework */,
				28F0441B1AB35FC5002C432B /* MobileCoreServices.framework */,
				28F0441C1AB35FC5002C432B /* QuartzCore.framework */,
				28F0441D1AB35FC5002C432B /* Security.framework */,
				28F0441E1AB35FC5002C432B /* StoreKit.framework */,
				28F0441F1AB35FC5002C432B /* SystemConfiguration.framework */,
				28F044161AB35F85002C432B /* AudioToolbox.framework */,
				28F044121AB35F32002C432B /* Bolts.framework */,
				28F044131AB35F32002C432B /* Parse.framework */,
				28F043EF1AB35E99002C432B /* myLogs */,
				28F044051AB35E99002C432B /* myLogsTests */,
				28F043EE1AB35E99002C432B /* Products */,
			);
			sourceTree = "<group>";
		};
		28F043EE1AB35E99002C432B /* Products */ = {
			isa = PBXGroup;
			children = (
				28F043ED1AB35E99002C432B /* myLogs.app */,
				28F044021AB35E99002C432B /* myLogsTests.xctest */,
			);
			name = Products;
			sourceTree = "<group>";
		};
		28F043EF1AB35E99002C432B /* myLogs */ = {
			isa = PBXGroup;
			children = (
				28F043F21AB35E99002C432B /* AppDelegate.swift */,
				28F044311AB3935A002C432B /* TableViewController.swift */,
				28CBAEAA1AC1E9F80082CA39 /* UIImage+Cropping.swift */,
				28F0442D1AB368EC002C432B /* Parse.m */,
				28F043F41AB35E99002C432B /* ViewController.swift */,
				28F043F61AB35E99002C432B /* Main.storyboard */,
				281C480E1AC32F64008D2044 /* loginViewController.swift */,
				28CBAEA41AC1C5510082CA39 /* vwLogCell.xib */,
				28CBAEA81AC1C7620082CA39 /* TblCell.swift */,
				28CBAEA21ABA3D7E0082CA39 /* DetailViewController.swift */,
				28F043F91AB35E99002C432B /* Images.xcassets */,
				28F043FB1AB35E99002C432B /* LaunchScreen.xib */,
				281C480A1AC32EA5008D2044 /* Locksmith.swift */,
				281C480B1AC32EA5008D2044 /* LocksmithRequest.swift */,
				28F043F01AB35E99002C432B /* Supporting Files */,
				28F0442C1AB368EB002C432B /* myLogs-Bridging-Header.h */,
				28B823151AC378A800E14E4A /* Bridge-Header.h */,
			);
			path = myLogs;
			sourceTree = "<group>";
		};
		28F043F01AB35E99002C432B /* Supporting Files */ = {
			isa = PBXGroup;
			children = (
				28F043F11AB35E99002C432B /* Info.plist */,
			);
			name = "Supporting Files";
			sourceTree = "<group>";
		};
		28F044051AB35E99002C432B /* myLogsTests */ = {
			isa = PBXGroup;
			children = (
				28F044081AB35E99002C432B /* myLogsTests.swift */,
				28F044061AB35E99002C432B /* Supporting Files */,
			);
			path = myLogsTests;
			sourceTree = "<group>";
		};
		28F044061AB35E99002C432B /* Supporting Files */ = {
			isa = PBXGroup;
			children = (
				28F044071AB35E99002C432B /* Info.plist */,
			);
			name = "Supporting Files";
			sourceTree = "<group>";
		};
/* End PBXGroup section */

/* Begin PBXNativeTarget section */
		28F043EC1AB35E99002C432B /* myLogs */ = {
			isa = PBXNativeTarget;
			buildConfigurationList = 28F0440C1AB35E99002C432B /* Build configuration list for PBXNativeTarget "myLogs" */;
			buildPhases = (
				28F043E91AB35E99002C432B /* Sources */,
				28F043EA1AB35E99002C432B /* Frameworks */,
				28F043EB1AB35E99002C432B /* Resources */,
			);
			buildRules = (
			);
			dependencies = (
			);
			name = myLogs;
			productName = myLogs;
			productReference = 28F043ED1AB35E99002C432B /* myLogs.app */;
			productType = "com.apple.product-type.application";
		};
		28F044011AB35E99002C432B /* myLogsTests */ = {
			isa = PBXNativeTarget;
			buildConfigurationList = 28F0440F1AB35E99002C432B /* Build configuration list for PBXNativeTarget "myLogsTests" */;
			buildPhases = (
				28F043FE1AB35E99002C432B /* Sources */,
				28F043FF1AB35E99002C432B /* Frameworks */,
				28F044001AB35E99002C432B /* Resources */,
			);
			buildRules = (
			);
			dependencies = (
				28F044041AB35E99002C432B /* PBXTargetDependency */,
			);
			name = myLogsTests;
			productName = myLogsTests;
			productReference = 28F044021AB35E99002C432B /* myLogsTests.xctest */;
			productType = "com.apple.product-type.bundle.unit-test";
		};
/* End PBXNativeTarget section */

/* Begin PBXProject section */
		28F043E51AB35E99002C432B /* Project object */ = {
			isa = PBXProject;
			attributes = {
				LastUpgradeCheck = 0610;
				ORGANIZATIONNAME = "Neil Hurley";
				TargetAttributes = {
					28F043EC1AB35E99002C432B = {
						CreatedOnToolsVersion = 6.1.1;
					};
					28F044011AB35E99002C432B = {
						CreatedOnToolsVersion = 6.1.1;
						TestTargetID = 28F043EC1AB35E99002C432B;
					};
				};
			};
			buildConfigurationList = 28F043E81AB35E99002C432B /* Build configuration list for PBXProject "myLogs" */;
			compatibilityVersion = "Xcode 3.2";
			developmentRegion = English;
			hasScannedForEncodings = 0;
			knownRegions = (
				en,
				Base,
			);
			mainGroup = 28F043E41AB35E99002C432B;
			productRefGroup = 28F043EE1AB35E99002C432B /* Products */;
			projectDirPath = "";
			projectRoot = "";
			targets = (
				28F043EC1AB35E99002C432B /* myLogs */,
				28F044011AB35E99002C432B /* myLogsTests */,
			);
		};
/* End PBXProject section */

/* Begin PBXResourcesBuildPhase section */
		28F043EB1AB35E99002C432B /* Resources */ = {
			isa = PBXResourcesBuildPhase;
			buildActionMask = 2147483647;
			files = (
				28F043F81AB35E99002C432B /* Main.storyboard in Resources */,
				28CBAEA51AC1C5510082CA39 /* vwLogCell.xib in Resources */,
				28F043FD1AB35E99002C432B /* LaunchScreen.xib in Resources */,
				28F043FA1AB35E99002C432B /* Images.xcassets in Resources */,
			);
			runOnlyForDeploymentPostprocessing = 0;
		};
		28F044001AB35E99002C432B /* Resources */ = {
			isa = PBXResourcesBuildPhase;
			buildActionMask = 2147483647;
			files = (
			);
			runOnlyForDeploymentPostprocessing = 0;
		};
/* End PBXResourcesBuildPhase section */

/* Begin PBXSourcesBuildPhase section */
		28F043E91AB35E99002C432B /* Sources */ = {
			isa = PBXSourcesBuildPhase;
			buildActionMask = 2147483647;
			files = (
				281C480C1AC32EA5008D2044 /* Locksmith.swift in Sources */,
				28F0442E1AB368EC002C432B /* Parse.m in Sources */,
				28F043F51AB35E99002C432B /* ViewController.swift in Sources */,
				28CBAEA91AC1C7620082CA39 /* TblCell.swift in Sources */,
				281C480F1AC32F64008D2044 /* loginViewController.swift in Sources */,
				281C480D1AC32EA5008D2044 /* LocksmithRequest.swift in Sources */,
				28CBAEA31ABA3D7E0082CA39 /* DetailViewController.swift in Sources */,
				28F043F31AB35E99002C432B /* AppDelegate.swift in Sources */,
				28F044321AB3935A002C432B /* TableViewController.swift in Sources */,
				28CBAEAB1AC1E9F80082CA39 /* UIImage+Cropping.swift in Sources */,
			);
			runOnlyForDeploymentPostprocessing = 0;
		};
		28F043FE1AB35E99002C432B /* Sources */ = {
			isa = PBXSourcesBuildPhase;
			buildActionMask = 2147483647;
			files = (
				28F044091AB35E99002C432B /* myLogsTests.swift in Sources */,
			);
			runOnlyForDeploymentPostprocessing = 0;
		};
/* End PBXSourcesBuildPhase section */

/* Begin PBXTargetDependency section */
		28F044041AB35E99002C432B /* PBXTargetDependency */ = {
			isa = PBXTargetDependency;
			target = 28F043EC1AB35E99002C432B /* myLogs */;
			targetProxy = 28F044031AB35E99002C432B /* PBXContainerItemProxy */;
		};
/* End PBXTargetDependency section */

/* Begin PBXVariantGroup section */
		28F043F61AB35E99002C432B /* Main.storyboard */ = {
			isa = PBXVariantGroup;
			children = (
				28F043F71AB35E99002C432B /* Base */,
			);
			name = Main.storyboard;
			sourceTree = "<group>";
		};
		28F043FB1AB35E99002C432B /* LaunchScreen.xib */ = {
			isa = PBXVariantGroup;
			children = (
				28F043FC1AB35E99002C432B /* Base */,
			);
			name = LaunchScreen.xib;
			sourceTree = "<group>";
		};
/* End PBXVariantGroup section */

/* Begin XCBuildConfiguration section */
		28F0440A1AB35E99002C432B /* Debug */ = {
			isa = XCBuildConfiguration;
			buildSettings = {
				ALWAYS_SEARCH_USER_PATHS = NO;
				CLANG_CXX_LANGUAGE_STANDARD = "gnu++0x";
				CLANG_CXX_LIBRARY = "libc++";
				CLANG_ENABLE_MODULES = YES;
				CLANG_ENABLE_OBJC_ARC = YES;
				CLANG_WARN_BOOL_CONVERSION = YES;
				CLANG_WARN_CONSTANT_CONVERSION = YES;
				CLANG_WARN_DIRECT_OBJC_ISA_USAGE = YES_ERROR;
				CLANG_WARN_EMPTY_BODY = YES;
				CLANG_WARN_ENUM_CONVERSION = YES;
				CLANG_WARN_INT_CONVERSION = YES;
				CLANG_WARN_OBJC_ROOT_CLASS = YES_ERROR;
				CLANG_WARN_UNREACHABLE_CODE = YES;
				CLANG_WARN__DUPLICATE_METHOD_MATCH = YES;
				"CODE_SIGN_IDENTITY[sdk=iphoneos*]" = "iPhone Developer";
				COPY_PHASE_STRIP = NO;
				ENABLE_STRICT_OBJC_MSGSEND = YES;
				GCC_C_LANGUAGE_STANDARD = gnu99;
				GCC_DYNAMIC_NO_PIC = NO;
				GCC_OPTIMIZATION_LEVEL = 0;
				GCC_PREPROCESSOR_DEFINITIONS = (
					"DEBUG=1",
					"$(inherited)",
				);
				GCC_SYMBOLS_PRIVATE_EXTERN = NO;
				GCC_WARN_64_TO_32_BIT_CONVERSION = YES;
				GCC_WARN_ABOUT_RETURN_TYPE = YES_ERROR;
				GCC_WARN_UNDECLARED_SELECTOR = YES;
				GCC_WARN_UNINITIALIZED_AUTOS = YES_AGGRESSIVE;
				GCC_WARN_UNUSED_FUNCTION = YES;
				GCC_WARN_UNUSED_VARIABLE = YES;
				IPHONEOS_DEPLOYMENT_TARGET = 8.1;
				MTL_ENABLE_DEBUG_INFO = YES;
				ONLY_ACTIVE_ARCH = YES;
				SDKROOT = iphoneos;
				SWIFT_OPTIMIZATION_LEVEL = "-Onone";
			};
			name = Debug;
		};
		28F0440B1AB35E99002C432B /* Release */ = {
			isa = XCBuildConfiguration;
			buildSettings = {
				ALWAYS_SEARCH_USER_PATHS = NO;
				CLANG_CXX_LANGUAGE_STANDARD = "gnu++0x";
				CLANG_CXX_LIBRARY = "libc++";
				CLANG_ENABLE_MODULES = YES;
				CLANG_ENABLE_OBJC_ARC = YES;
				CLANG_WARN_BOOL_CONVERSION = YES;
				CLANG_WARN_CONSTANT_CONVERSION = YES;
				CLANG_WARN_DIRECT_OBJC_ISA_USAGE = YES_ERROR;
				CLANG_WARN_EMPTY_BODY = YES;
				CLANG_WARN_ENUM_CONVERSION = YES;
				CLANG_WARN_INT_CONVERSION = YES;
				CLANG_WARN_OBJC_ROOT_CLASS = YES_ERROR;
				CLANG_WARN_UNREACHABLE_CODE = YES;
				CLANG_WARN__DUPLICATE_METHOD_MATCH = YES;
				"CODE_SIGN_IDENTITY[sdk=iphoneos*]" = "iPhone Developer";
				COPY_PHASE_STRIP = YES;
				ENABLE_NS_ASSERTIONS = NO;
				ENABLE_STRICT_OBJC_MSGSEND = YES;
				GCC_C_LANGUAGE_STANDARD = gnu99;
				GCC_WARN_64_TO_32_BIT_CONVERSION = YES;
				GCC_WARN_ABOUT_RETURN_TYPE = YES_ERROR;
				GCC_WARN_UNDECLARED_SELECTOR = YES;
				GCC_WARN_UNINITIALIZED_AUTOS = YES_AGGRESSIVE;
				GCC_WARN_UNUSED_FUNCTION = YES;
				GCC_WARN_UNUSED_VARIABLE = YES;
				IPHONEOS_DEPLOYMENT_TARGET = 8.1;
				MTL_ENABLE_DEBUG_INFO = NO;
				SDKROOT = iphoneos;
				VALIDATE_PRODUCT = YES;
			};
			name = Release;
		};
		28F0440D1AB35E99002C432B /* Debug */ = {
			isa = XCBuildConfiguration;
			buildSettings = {
				ASSETCATALOG_COMPILER_APPICON_NAME = AppIcon;
				CLANG_ENABLE_MODULES = YES;
				FRAMEWORK_SEARCH_PATHS = (
					"$(inherited)",
					"$(PROJECT_DIR)",
					/Users/Neil/Documents/FacebookSDK,
				);
				INFOPLIST_FILE = myLogs/Info.plist;
				LD_RUNPATH_SEARCH_PATHS = "$(inherited) @executable_path/Frameworks";
				PRODUCT_NAME = "$(TARGET_NAME)";
				SWIFT_OBJC_BRIDGING_HEADER = "myLogs/Bridge-Header.h";
				SWIFT_OPTIMIZATION_LEVEL = "-Onone";
			};
			name = Debug;
		};
		28F0440E1AB35E99002C432B /* Release */ = {
			isa = XCBuildConfiguration;
			buildSettings = {
				ASSETCATALOG_COMPILER_APPICON_NAME = AppIcon;
				CLANG_ENABLE_MODULES = YES;
				FRAMEWORK_SEARCH_PATHS = (
					"$(inherited)",
					"$(PROJECT_DIR)",
					/Users/Neil/Documents/FacebookSDK,
				);
				INFOPLIST_FILE = myLogs/Info.plist;
				LD_RUNPATH_SEARCH_PATHS = "$(inherited) @executable_path/Frameworks";
				PRODUCT_NAME = "$(TARGET_NAME)";
				SWIFT_OBJC_BRIDGING_HEADER = "myLogs/Bridge-Header.h";
			};
			name = Release;
		};
		28F044101AB35E99002C432B /* Debug */ = {
			isa = XCBuildConfiguration;
			buildSettings = {
				BUNDLE_LOADER = "$(TEST_HOST)";
				FRAMEWORK_SEARCH_PATHS = (
					"$(SDKROOT)/Developer/Library/Frameworks",
					"$(inherited)",
				);
				GCC_PREPROCESSOR_DEFINITIONS = (
					"DEBUG=1",
					"$(inherited)",
				);
				INFOPLIST_FILE = myLogsTests/Info.plist;
				LD_RUNPATH_SEARCH_PATHS = "$(inherited) @executable_path/Frameworks @loader_path/Frameworks";
				PRODUCT_NAME = "$(TARGET_NAME)";
				TEST_HOST = "$(BUILT_PRODUCTS_DIR)/myLogs.app/myLogs";
			};
			name = Debug;
		};
		28F044111AB35E99002C432B /* Release */ = {
			isa = XCBuildConfiguration;
			buildSettings = {
				BUNDLE_LOADER = "$(TEST_HOST)";
				FRAMEWORK_SEARCH_PATHS = (
					"$(SDKROOT)/Developer/Library/Frameworks",
					"$(inherited)",
				);
				INFOPLIST_FILE = myLogsTests/Info.plist;
				LD_RUNPATH_SEARCH_PATHS = "$(inherited) @executable_path/Frameworks @loader_path/Frameworks";
				PRODUCT_NAME = "$(TARGET_NAME)";
				TEST_HOST = "$(BUILT_PRODUCTS_DIR)/myLogs.app/myLogs";
			};
			name = Release;
		};
/* End XCBuildConfiguration section */

/* Begin XCConfigurationList section */
		28F043E81AB35E99002C432B /* Build configuration list for PBXProject "myLogs" */ = {
			isa = XCConfigurationList;
			buildConfigurations = (
				28F0440A1AB35E99002C432B /* Debug */,
				28F0440B1AB35E99002C432B /* Release */,
			);
			defaultConfigurationIsVisible = 0;
			defaultConfigurationName = Release;
		};
		28F0440C1AB35E99002C432B /* Build configuration list for PBXNativeTarget "myLogs" */ = {
			isa = XCConfigurationList;
			buildConfigurations = (
				28F0440D1AB35E99002C432B /* Debug */,
				28F0440E1AB35E99002C432B /* Release */,
			);
			defaultConfigurationIsVisible = 0;
			defaultConfigurationName = Release;
		};
		28F0440F1AB35E99002C432B /* Build configuration list for PBXNativeTarget "myLogsTests" */ = {
			isa = XCConfigurationList;
			buildConfigurations = (
				28F044101AB35E99002C432B /* Debug */,
				28F044111AB35E99002C432B /* Release */,
			);
			defaultConfigurationIsVisible = 0;
			defaultConfigurationName = Release;
		};
/* End XCConfigurationList section */
	};
	rootObject = 28F043E51AB35E99002C432B /* Project object */;
}
